// !$*UTF8*$!
{
	archiveVersion = 1;
	classes = {
	};
	objectVersion = 77;
	objects = {

/* Begin PBXBuildFile section */
		D6402D172D6C389B00773549 /* 2_DecodingDatesAndStuff.swift in Sources */ = {isa = PBXBuildFile; fileRef = D6402D152D6C389B00773549 /* 2_DecodingDatesAndStuff.swift */; };
		D6402D182D6C389B00773549 /* 1_SwiftDecodable.swift in Sources */ = {isa = PBXBuildFile; fileRef = D6402D162D6C389B00773549 /* 1_SwiftDecodable.swift */; };
		D6402D222D6C82AD00773549 /* 4_JSON - Custom CodingKeys- Swift.swift in Sources */ = {isa = PBXBuildFile; fileRef = D6402D212D6C82AD00773549 /* 4_JSON - Custom CodingKeys- Swift.swift */; };
		D6402D242D6C89ED00773549 /* 5_JSON from API - Swift .swift in Sources */ = {isa = PBXBuildFile; fileRef = D6402D232D6C89ED00773549 /* 5_JSON from API - Swift .swift */; };
		D6402D272D6C8C9D00773549 /* 3_UsingCamelCaseAndChangingName.swift in Sources */ = {isa = PBXBuildFile; fileRef = D6402D262D6C8C9D00773549 /* 3_UsingCamelCaseAndChangingName.swift */; };
		D6B722302D79A2F900D2EAE5 /* main.swift in Sources */ = {isa = PBXBuildFile; fileRef = D6B7222F2D79A2F900D2EAE5 /* main.swift */; };
/* End PBXBuildFile section */

/* Begin PBXCopyFilesBuildPhase section */
		D63D2F7C2D5DFCD30044099E /* CopyFiles */ = {
			isa = PBXCopyFilesBuildPhase;
			buildActionMask = 2147483647;
			dstPath = /usr/share/man/man1/;
			dstSubfolderSpec = 0;
			files = (
			);
			runOnlyForDeploymentPostprocessing = 1;
		};
/* End PBXCopyFilesBuildPhase section */

/* Begin PBXFileReference section */
		D63D2F7E2D5DFCD30044099E /* OnMyOwn */ = {isa = PBXFileReference; explicitFileType = "compiled.mach-o.executable"; includeInIndex = 0; path = OnMyOwn; sourceTree = BUILT_PRODUCTS_DIR; };
		D6402D152D6C389B00773549 /* 2_DecodingDatesAndStuff.swift */ = {isa = PBXFileReference; lastKnownFileType = sourcecode.swift; path = 2_DecodingDatesAndStuff.swift; sourceTree = "<group>"; };
		D6402D162D6C389B00773549 /* 1_SwiftDecodable.swift */ = {isa = PBXFileReference; lastKnownFileType = sourcecode.swift; path = 1_SwiftDecodable.swift; sourceTree = "<group>"; };
		D6402D212D6C82AD00773549 /* 4_JSON - Custom CodingKeys- Swift.swift */ = {isa = PBXFileReference; lastKnownFileType = sourcecode.swift; path = "4_JSON - Custom CodingKeys- Swift.swift"; sourceTree = "<group>"; };
		D6402D232D6C89ED00773549 /* 5_JSON from API - Swift .swift */ = {isa = PBXFileReference; lastKnownFileType = sourcecode.swift; path = "5_JSON from API - Swift .swift"; sourceTree = "<group>"; };
		D6402D262D6C8C9D00773549 /* 3_UsingCamelCaseAndChangingName.swift */ = {isa = PBXFileReference; lastKnownFileType = sourcecode.swift; path = 3_UsingCamelCaseAndChangingName.swift; sourceTree = "<group>"; };
		D6B7222F2D79A2F900D2EAE5 /* main.swift */ = {isa = PBXFileReference; lastKnownFileType = sourcecode.swift; path = main.swift; sourceTree = "<group>"; };
		D6B722312D7A7DD800D2EAE5 /* MyPlayground.playground */ = {isa = PBXFileReference; lastKnownFileType = file.playground; path = MyPlayground.playground; sourceTree = "<group>"; xcLanguageSpecificationIdentifier = xcode.lang.swift; };
		D6FF74932D866AF900C92701 /* 8. Encoding data - Swift.xcplaygroundpage */ = {isa = PBXFileReference; lastKnownFileType = file.xcplaygroundpage; name = "8. Encoding data - Swift.xcplaygroundpage"; path = "MyPlayground.playground/Pages/8. Encoding data - Swift.xcplaygroundpage"; sourceTree = "<group>"; };
/* End PBXFileReference section */

/* Begin PBXFileSystemSynchronizedRootGroup section */
		D63D2F802D5DFCD30044099E /* OnMyOwn */ = {
			isa = PBXFileSystemSynchronizedRootGroup;
			path = OnMyOwn;
			sourceTree = "<group>";
		};
/* End PBXFileSystemSynchronizedRootGroup section */

/* Begin PBXFrameworksBuildPhase section */
		D63D2F7B2D5DFCD30044099E /* Frameworks */ = {
			isa = PBXFrameworksBuildPhase;
			buildActionMask = 2147483647;
			files = (
			);
			runOnlyForDeploymentPostprocessing = 0;
		};
/* End PBXFrameworksBuildPhase section */

/* Begin PBXGroup section */
		D63D2F752D5DFCD30044099E = {
			isa = PBXGroup;
			children = (
				D6B722312D7A7DD800D2EAE5 /* MyPlayground.playground */,
				D6402D162D6C389B00773549 /* 1_SwiftDecodable.swift */,
				D6402D152D6C389B00773549 /* 2_DecodingDatesAndStuff.swift */,
				D6402D262D6C8C9D00773549 /* 3_UsingCamelCaseAndChangingName.swift */,
				D6B7222F2D79A2F900D2EAE5 /* main.swift */,
				D6402D212D6C82AD00773549 /* 4_JSON - Custom CodingKeys- Swift.swift */,
				D6402D232D6C89ED00773549 /* 5_JSON from API - Swift .swift */,
				D6FF74932D866AF900C92701 /* 8. Encoding data - Swift.xcplaygroundpage */,
				D63D2F802D5DFCD30044099E /* OnMyOwn */,
				D63D2F7F2D5DFCD30044099E /* Products */,
			);
			sourceTree = "<group>";
		};
		D63D2F7F2D5DFCD30044099E /* Products */ = {
			isa = PBXGroup;
			children = (
				D63D2F7E2D5DFCD30044099E /* OnMyOwn */,
			);
			name = Products;
			sourceTree = "<group>";
		};
/* End PBXGroup section */

/* Begin PBXNativeTarget section */
		D63D2F7D2D5DFCD30044099E /* OnMyOwn */ = {
			isa = PBXNativeTarget;
			buildConfigurationList = D63D2F852D5DFCD30044099E /* Build configuration list for PBXNativeTarget "OnMyOwn" */;
			buildPhases = (
				D63D2F7A2D5DFCD30044099E /* Sources */,
				D63D2F7B2D5DFCD30044099E /* Frameworks */,
				D63D2F7C2D5DFCD30044099E /* CopyFiles */,
			);
			buildRules = (
			);
			dependencies = (
			);
			fileSystemSynchronizedGroups = (
				D63D2F802D5DFCD30044099E /* OnMyOwn */,
			);
			name = OnMyOwn;
			packageProductDependencies = (
			);
			productName = OnMyOwn;
			productReference = D63D2F7E2D5DFCD30044099E /* OnMyOwn */;
			productType = "com.apple.product-type.tool";
		};
/* End PBXNativeTarget section */

/* Begin PBXProject section */
		D63D2F762D5DFCD30044099E /* Project object */ = {
			isa = PBXProject;
			attributes = {
				BuildIndependentTargetsInParallel = 1;
				LastSwiftUpdateCheck = 1620;
				LastUpgradeCheck = 1620;
				TargetAttributes = {
					D63D2F7D2D5DFCD30044099E = {
						CreatedOnToolsVersion = 16.2;
					};
				};
			};
			buildConfigurationList = D63D2F792D5DFCD30044099E /* Build configuration list for PBXProject "OnMyOwn" */;
			developmentRegion = en;
			hasScannedForEncodings = 0;
			knownRegions = (
				en,
				Base,
			);
			mainGroup = D63D2F752D5DFCD30044099E;
			minimizedProjectReferenceProxies = 1;
			preferredProjectObjectVersion = 77;
			productRefGroup = D63D2F7F2D5DFCD30044099E /* Products */;
			projectDirPath = "";
			projectRoot = "";
			targets = (
				D63D2F7D2D5DFCD30044099E /* OnMyOwn */,
			);
		};
/* End PBXProject section */

/* Begin PBXSourcesBuildPhase section */
		D63D2F7A2D5DFCD30044099E /* Sources */ = {
			isa = PBXSourcesBuildPhase;
			buildActionMask = 2147483647;
			files = (
				D6402D172D6C389B00773549 /* 2_DecodingDatesAndStuff.swift in Sources */,
				D6B722302D79A2F900D2EAE5 /* main.swift in Sources */,
				D6402D242D6C89ED00773549 /* 5_JSON from API - Swift .swift in Sources */,
				D6402D272D6C8C9D00773549 /* 3_UsingCamelCaseAndChangingName.swift in Sources */,
				D6402D182D6C389B00773549 /* 1_SwiftDecodable.swift in Sources */,
				D6402D222D6C82AD00773549 /* 4_JSON - Custom CodingKeys- Swift.swift in Sources */,
			);
			runOnlyForDeploymentPostprocessing = 0;
		};
/* End PBXSourcesBuildPhase section */

/* Begin XCBuildConfiguration section */
		D63D2F832D5DFCD30044099E /* Debug */ = {
			isa = XCBuildConfiguration;
			buildSettings = {
				ALWAYS_SEARCH_USER_PATHS = NO;
				ASSETCATALOG_COMPILER_GENERATE_SWIFT_ASSET_SYMBOL_EXTENSIONS = YES;
				CLANG_ANALYZER_NONNULL = YES;
				CLANG_ANALYZER_NUMBER_OBJECT_CONVERSION = YES_AGGRESSIVE;
				CLANG_CXX_LANGUAGE_STANDARD = "gnu++20";
				CLANG_ENABLE_MODULES = YES;
				CLANG_ENABLE_OBJC_ARC = YES;
				CLANG_ENABLE_OBJC_WEAK = YES;
				CLANG_WARN_BLOCK_CAPTURE_AUTORELEASING = YES;
				CLANG_WARN_BOOL_CONVERSION = YES;
				CLANG_WARN_COMMA = YES;
				CLANG_WARN_CONSTANT_CONVERSION = YES;
				CLANG_WARN_DEPRECATED_OBJC_IMPLEMENTATIONS = YES;
				CLANG_WARN_DIRECT_OBJC_ISA_USAGE = YES_ERROR;
				CLANG_WARN_DOCUMENTATION_COMMENTS = YES;
				CLANG_WARN_EMPTY_BODY = YES;
				CLANG_WARN_ENUM_CONVERSION = YES;
				CLANG_WARN_INFINITE_RECURSION = YES;
				CLANG_WARN_INT_CONVERSION = YES;
				CLANG_WARN_NON_LITERAL_NULL_CONVERSION = YES;
				CLANG_WARN_OBJC_IMPLICIT_RETAIN_SELF = YES;
				CLANG_WARN_OBJC_LITERAL_CONVERSION = YES;
				CLANG_WARN_OBJC_ROOT_CLASS = YES_ERROR;
				CLANG_WARN_QUOTED_INCLUDE_IN_FRAMEWORK_HEADER = YES;
				CLANG_WARN_RANGE_LOOP_ANALYSIS = YES;
				CLANG_WARN_STRICT_PROTOTYPES = YES;
				CLANG_WARN_SUSPICIOUS_MOVE = YES;
				CLANG_WARN_UNGUARDED_AVAILABILITY = YES_AGGRESSIVE;
				CLANG_WARN_UNREACHABLE_CODE = YES;
				CLANG_WARN__DUPLICATE_METHOD_MATCH = YES;
				COPY_PHASE_STRIP = NO;
				DEBUG_INFORMATION_FORMAT = dwarf;
				ENABLE_STRICT_OBJC_MSGSEND = YES;
				ENABLE_TESTABILITY = YES;
				ENABLE_USER_SCRIPT_SANDBOXING = YES;
				GCC_C_LANGUAGE_STANDARD = gnu17;
				GCC_DYNAMIC_NO_PIC = NO;
				GCC_NO_COMMON_BLOCKS = YES;
				GCC_OPTIMIZATION_LEVEL = 0;
				GCC_PREPROCESSOR_DEFINITIONS = (
					"DEBUG=1",
					"$(inherited)",
				);
				GCC_WARN_64_TO_32_BIT_CONVERSION = YES;
				GCC_WARN_ABOUT_RETURN_TYPE = YES_ERROR;
				GCC_WARN_UNDECLARED_SELECTOR = YES;
				GCC_WARN_UNINITIALIZED_AUTOS = YES_AGGRESSIVE;
				GCC_WARN_UNUSED_FUNCTION = YES;
				GCC_WARN_UNUSED_VARIABLE = YES;
				LOCALIZATION_PREFERS_STRING_CATALOGS = YES;
				MACOSX_DEPLOYMENT_TARGET = 15.2;
				MTL_ENABLE_DEBUG_INFO = INCLUDE_SOURCE;
				MTL_FAST_MATH = YES;
				ONLY_ACTIVE_ARCH = YES;
				SDKROOT = macosx;
				SWIFT_ACTIVE_COMPILATION_CONDITIONS = "DEBUG $(inherited)";
				SWIFT_OPTIMIZATION_LEVEL = "-Onone";
			};
			name = Debug;
		};
		D63D2F842D5DFCD30044099E /* Release */ = {
			isa = XCBuildConfiguration;
			buildSettings = {
				ALWAYS_SEARCH_USER_PATHS = NO;
				ASSETCATALOG_COMPILER_GENERATE_SWIFT_ASSET_SYMBOL_EXTENSIONS = YES;
				CLANG_ANALYZER_NONNULL = YES;
				CLANG_ANALYZER_NUMBER_OBJECT_CONVERSION = YES_AGGRESSIVE;
				CLANG_CXX_LANGUAGE_STANDARD = "gnu++20";
				CLANG_ENABLE_MODULES = YES;
				CLANG_ENABLE_OBJC_ARC = YES;
				CLANG_ENABLE_OBJC_WEAK = YES;
				CLANG_WARN_BLOCK_CAPTURE_AUTORELEASING = YES;
				CLANG_WARN_BOOL_CONVERSION = YES;
				CLANG_WARN_COMMA = YES;
				CLANG_WARN_CONSTANT_CONVERSION = YES;
				CLANG_WARN_DEPRECATED_OBJC_IMPLEMENTATIONS = YES;
				CLANG_WARN_DIRECT_OBJC_ISA_USAGE = YES_ERROR;
				CLANG_WARN_DOCUMENTATION_COMMENTS = YES;
				CLANG_WARN_EMPTY_BODY = YES;
				CLANG_WARN_ENUM_CONVERSION = YES;
				CLANG_WARN_INFINITE_RECURSION = YES;
				CLANG_WARN_INT_CONVERSION = YES;
				CLANG_WARN_NON_LITERAL_NULL_CONVERSION = YES;
				CLANG_WARN_OBJC_IMPLICIT_RETAIN_SELF = YES;
				CLANG_WARN_OBJC_LITERAL_CONVERSION = YES;
				CLANG_WARN_OBJC_ROOT_CLASS = YES_ERROR;
				CLANG_WARN_QUOTED_INCLUDE_IN_FRAMEWORK_HEADER = YES;
				CLANG_WARN_RANGE_LOOP_ANALYSIS = YES;
				CLANG_WARN_STRICT_PROTOTYPES = YES;
				CLANG_WARN_SUSPICIOUS_MOVE = YES;
				CLANG_WARN_UNGUARDED_AVAILABILITY = YES_AGGRESSIVE;
				CLANG_WARN_UNREACHABLE_CODE = YES;
				CLANG_WARN__DUPLICATE_METHOD_MATCH = YES;
				COPY_PHASE_STRIP = NO;
				DEBUG_INFORMATION_FORMAT = "dwarf-with-dsym";
				ENABLE_NS_ASSERTIONS = NO;
				ENABLE_STRICT_OBJC_MSGSEND = YES;
				ENABLE_USER_SCRIPT_SANDBOXING = YES;
				GCC_C_LANGUAGE_STANDARD = gnu17;
				GCC_NO_COMMON_BLOCKS = YES;
				GCC_WARN_64_TO_32_BIT_CONVERSION = YES;
				GCC_WARN_ABOUT_RETURN_TYPE = YES_ERROR;
				GCC_WARN_UNDECLARED_SELECTOR = YES;
				GCC_WARN_UNINITIALIZED_AUTOS = YES_AGGRESSIVE;
				GCC_WARN_UNUSED_FUNCTION = YES;
				GCC_WARN_UNUSED_VARIABLE = YES;
				LOCALIZATION_PREFERS_STRING_CATALOGS = YES;
				MACOSX_DEPLOYMENT_TARGET = 15.2;
				MTL_ENABLE_DEBUG_INFO = NO;
				MTL_FAST_MATH = YES;
				SDKROOT = macosx;
				SWIFT_COMPILATION_MODE = wholemodule;
			};
			name = Release;
		};
		D63D2F862D5DFCD30044099E /* Debug */ = {
			isa = XCBuildConfiguration;
			buildSettings = {
				CODE_SIGN_STYLE = Automatic;
				DEVELOPMENT_TEAM = Q89MF97WT7;
				ENABLE_HARDENED_RUNTIME = YES;
				PRODUCT_NAME = "$(TARGET_NAME)";
				SWIFT_VERSION = 5.0;
			};
			name = Debug;
		};
		D63D2F872D5DFCD30044099E /* Release */ = {
			isa = XCBuildConfiguration;
			buildSettings = {
				CODE_SIGN_STYLE = Automatic;
				DEVELOPMENT_TEAM = Q89MF97WT7;
				ENABLE_HARDENED_RUNTIME = YES;
				PRODUCT_NAME = "$(TARGET_NAME)";
				SWIFT_VERSION = 5.0;
			};
			name = Release;
		};
/* End XCBuildConfiguration section */

/* Begin XCConfigurationList section */
		D63D2F792D5DFCD30044099E /* Build configuration list for PBXProject "OnMyOwn" */ = {
			isa = XCConfigurationList;
			buildConfigurations = (
				D63D2F832D5DFCD30044099E /* Debug */,
				D63D2F842D5DFCD30044099E /* Release */,
			);
			defaultConfigurationIsVisible = 0;
			defaultConfigurationName = Release;
		};
		D63D2F852D5DFCD30044099E /* Build configuration list for PBXNativeTarget "OnMyOwn" */ = {
			isa = XCConfigurationList;
			buildConfigurations = (
				D63D2F862D5DFCD30044099E /* Debug */,
				D63D2F872D5DFCD30044099E /* Release */,
			);
			defaultConfigurationIsVisible = 0;
			defaultConfigurationName = Release;
		};
/* End XCConfigurationList section */
	};
	rootObject = D63D2F762D5DFCD30044099E /* Project object */;
}
